
Microsoft Visual Studio Solution File, Format Version 12.00
Project("{FAE04EC0-301F-11D3-BF4B-00C04F79EFBC}") = "AnalizeTweets", "AnalizeTweets\AnalizeTweets.csproj", "{249B7074-A3A6-4B3F-A609-B2A4CA572682}"
EndProject
Global
	GlobalSection(SolutionConfigurationPlatforms) = preSolution
		Debug|Any CPU = Debug|Any CPU
		Release|Any CPU = Release|Any CPU
	EndGlobalSection
	GlobalSection(ProjectConfigurationPlatforms) = postSolution
		{249B7074-A3A6-4B3F-A609-B2A4CA572682}.Debug|Any CPU.ActiveCfg = Debug|Any CPU
		{249B7074-A3A6-4B3F-A609-B2A4CA572682}.Debug|Any CPU.Build.0 = Debug|Any CPU
		{249B7074-A3A6-4B3F-A609-B2A4CA572682}.Release|Any CPU.ActiveCfg = Release|Any CPU
		{249B7074-A3A6-4B3F-A609-B2A4CA572682}.Release|Any CPU.Build.0 = Release|Any CPU
	EndGlobalSection
EndGlobal
